{
  "name": "bigpay-trains",
  "lockfileVersion": 2,
  "requires": true,
  "packages": {
    "": {
      "name": "bigpay-trains",
      "dependencies": {
        "graph-data-structure": "^3.3.0",
        "lodash": "^4.17.21"
      },
      "devDependencies": {
        "@types/lodash": "^4.14.198",
        "bun-types": "latest"
      }
    },
    "node_modules/@types/lodash": {
      "version": "4.14.198",
      "resolved": "https://registry.npmjs.org/@types/lodash/-/lodash-4.14.198.tgz",
      "integrity": "sha512-trNJ/vtMZYMLhfN45uLq4ShQSw0/S7xCTLLVM+WM1rmFpba/VS42jVUgaO3w/NOLiWR/09lnYk0yMaA/atdIsg==",
      "dev": true
    },
    "node_modules/bun-types": {
      "version": "1.0.2",
      "resolved": "https://registry.npmjs.org/bun-types/-/bun-types-1.0.2.tgz",
      "integrity": "sha512-yqBp2SX9cqr5/GReb56uCfM+YP+Hntx3XPjbqX1VJXqOBu+Yqw8iWRFLKFIsz9uEfykLgflhramQ8a5Jgo+Tlg==",
      "dev": true
    },
    "node_modules/graph-data-structure": {
      "version": "3.3.0",
      "resolved": "https://registry.npmjs.org/graph-data-structure/-/graph-data-structure-3.3.0.tgz",
      "integrity": "sha512-p5z0GZ3tm85kuB0iXFjLpbL9gNSFeDPPOyINhLQm6mVfHbLaj62LF9uB1tymcsxkHqLWLQSqGA0f/4/OepCdxA=="
    },
    "node_modules/lodash": {
      "version": "4.17.21",
      "resolved": "https://registry.npmjs.org/lodash/-/lodash-4.17.21.tgz",
      "integrity": "sha512-v2kDEe57lecTulaDIuNTPy3Ry4gLGJ6Z1O3vE1krgXZNrsQ+LFTGHVxVjcXPs17LhbZVGedAJv8XZ1tvj5FvSg=="
    }
  },
  "dependencies": {
    "@types/lodash": {
      "version": "4.14.198",
      "resolved": "https://registry.npmjs.org/@types/lodash/-/lodash-4.14.198.tgz",
      "integrity": "sha512-trNJ/vtMZYMLhfN45uLq4ShQSw0/S7xCTLLVM+WM1rmFpba/VS42jVUgaO3w/NOLiWR/09lnYk0yMaA/atdIsg==",
      "dev": true
    },
    "bun-types": {
      "version": "1.0.2",
      "resolved": "https://registry.npmjs.org/bun-types/-/bun-types-1.0.2.tgz",
      "integrity": "sha512-yqBp2SX9cqr5/GReb56uCfM+YP+Hntx3XPjbqX1VJXqOBu+Yqw8iWRFLKFIsz9uEfykLgflhramQ8a5Jgo+Tlg==",
      "dev": true
    },
    "graph-data-structure": {
      "version": "3.3.0",
      "resolved": "https://registry.npmjs.org/graph-data-structure/-/graph-data-structure-3.3.0.tgz",
      "integrity": "sha512-p5z0GZ3tm85kuB0iXFjLpbL9gNSFeDPPOyINhLQm6mVfHbLaj62LF9uB1tymcsxkHqLWLQSqGA0f/4/OepCdxA=="
    },
    "lodash": {
      "version": "4.17.21",
      "resolved": "https://registry.npmjs.org/lodash/-/lodash-4.17.21.tgz",
      "integrity": "sha512-v2kDEe57lecTulaDIuNTPy3Ry4gLGJ6Z1O3vE1krgXZNrsQ+LFTGHVxVjcXPs17LhbZVGedAJv8XZ1tvj5FvSg=="
    }
  }
}
